// !$*UTF8*$!
{
	archiveVersion = 1;
	classes = {
	};
	objectVersion = 50;
	objects = {

/* Begin PBXBuildFile section */
		A2B6863D232DE99700F16B37 /* AppDelegate.m in Sources */ = {isa = PBXBuildFile; fileRef = A2B6863C232DE99700F16B37 /* AppDelegate.m */; };
		A2B68640232DE99700F16B37 /* ViewController.m in Sources */ = {isa = PBXBuildFile; fileRef = A2B6863F232DE99700F16B37 /* ViewController.m */; };
		A2B68643232DE99700F16B37 /* Main.storyboard in Resources */ = {isa = PBXBuildFile; fileRef = A2B68641232DE99700F16B37 /* Main.storyboard */; };
		A2B68645232DE99900F16B37 /* Assets.xcassets in Resources */ = {isa = PBXBuildFile; fileRef = A2B68644232DE99900F16B37 /* Assets.xcassets */; };
		A2B68648232DE99900F16B37 /* LaunchScreen.storyboard in Resources */ = {isa = PBXBuildFile; fileRef = A2B68646232DE99900F16B37 /* LaunchScreen.storyboard */; };
		A2B6864B232DE99900F16B37 /* main.m in Sources */ = {isa = PBXBuildFile; fileRef = A2B6864A232DE99900F16B37 /* main.m */; };
		A2B68655232DE99900F16B37 /* JenkinsDemoTests.m in Sources */ = {isa = PBXBuildFile; fileRef = A2B68654232DE99900F16B37 /* JenkinsDemoTests.m */; };
		A2B68660232DE99900F16B37 /* JenkinsDemoUITests.m in Sources */ = {isa = PBXBuildFile; fileRef = A2B6865F232DE99900F16B37 /* JenkinsDemoUITests.m */; };
/* End PBXBuildFile section */

/* Begin PBXContainerItemProxy section */
		A2B68651232DE99900F16B37 /* PBXContainerItemProxy */ = {
			isa = PBXContainerItemProxy;
			containerPortal = A2B68630232DE99700F16B37 /* Project object */;
			proxyType = 1;
			remoteGlobalIDString = A2B68637232DE99700F16B37;
			remoteInfo = JenkinsDemo;
		};
		A2B6865C232DE99900F16B37 /* PBXContainerItemProxy */ = {
			isa = PBXContainerItemProxy;
			containerPortal = A2B68630232DE99700F16B37 /* Project object */;
			proxyType = 1;
			remoteGlobalIDString = A2B68637232DE99700F16B37;
			remoteInfo = JenkinsDemo;
		};
/* End PBXContainerItemProxy section */

/* Begin PBXFileReference section */
		A2B68638232DE99700F16B37 /* JenkinsDemo.app */ = {isa = PBXFileReference; explicitFileType = wrapper.application; includeInIndex = 0; path = JenkinsDemo.app; sourceTree = BUILT_PRODUCTS_DIR; };
		A2B6863B232DE99700F16B37 /* AppDelegate.h */ = {isa = PBXFileReference; lastKnownFileType = sourcecode.c.h; path = AppDelegate.h; sourceTree = "<group>"; };
		A2B6863C232DE99700F16B37 /* AppDelegate.m */ = {isa = PBXFileReference; lastKnownFileType = sourcecode.c.objc; path = AppDelegate.m; sourceTree = "<group>"; };
		A2B6863E232DE99700F16B37 /* ViewController.h */ = {isa = PBXFileReference; lastKnownFileType = sourcecode.c.h; path = ViewController.h; sourceTree = "<group>"; };
		A2B6863F232DE99700F16B37 /* ViewController.m */ = {isa = PBXFileReference; lastKnownFileType = sourcecode.c.objc; path = ViewController.m; sourceTree = "<group>"; };
		A2B68642232DE99700F16B37 /* Base */ = {isa = PBXFileReference; lastKnownFileType = file.storyboard; name = Base; path = Base.lproj/Main.storyboard; sourceTree = "<group>"; };
		A2B68644232DE99900F16B37 /* Assets.xcassets */ = {isa = PBXFileReference; lastKnownFileType = folder.assetcatalog; path = Assets.xcassets; sourceTree = "<group>"; };
		A2B68647232DE99900F16B37 /* Base */ = {isa = PBXFileReference; lastKnownFileType = file.storyboard; name = Base; path = Base.lproj/LaunchScreen.storyboard; sourceTree = "<group>"; };
		A2B68649232DE99900F16B37 /* Info.plist */ = {isa = PBXFileReference; lastKnownFileType = text.plist.xml; path = Info.plist; sourceTree = "<group>"; };
		A2B6864A232DE99900F16B37 /* main.m */ = {isa = PBXFileReference; lastKnownFileType = sourcecode.c.objc; path = main.m; sourceTree = "<group>"; };
		A2B68650232DE99900F16B37 /* JenkinsDemoTests.xctest */ = {isa = PBXFileReference; explicitFileType = wrapper.cfbundle; includeInIndex = 0; path = JenkinsDemoTests.xctest; sourceTree = BUILT_PRODUCTS_DIR; };
		A2B68654232DE99900F16B37 /* JenkinsDemoTests.m */ = {isa = PBXFileReference; lastKnownFileType = sourcecode.c.objc; path = JenkinsDemoTests.m; sourceTree = "<group>"; };
		A2B68656232DE99900F16B37 /* Info.plist */ = {isa = PBXFileReference; lastKnownFileType = text.plist.xml; path = Info.plist; sourceTree = "<group>"; };
		A2B6865B232DE99900F16B37 /* JenkinsDemoUITests.xctest */ = {isa = PBXFileReference; explicitFileType = wrapper.cfbundle; includeInIndex = 0; path = JenkinsDemoUITests.xctest; sourceTree = BUILT_PRODUCTS_DIR; };
		A2B6865F232DE99900F16B37 /* JenkinsDemoUITests.m */ = {isa = PBXFileReference; lastKnownFileType = sourcecode.c.objc; path = JenkinsDemoUITests.m; sourceTree = "<group>"; };
		A2B68661232DE99900F16B37 /* Info.plist */ = {isa = PBXFileReference; lastKnownFileType = text.plist.xml; path = Info.plist; sourceTree = "<group>"; };
/* End PBXFileReference section */

/* Begin PBXFrameworksBuildPhase section */
		A2B68635232DE99700F16B37 /* Frameworks */ = {
			isa = PBXFrameworksBuildPhase;
			buildActionMask = 2147483647;
			files = (
			);
			runOnlyForDeploymentPostprocessing = 0;
		};
		A2B6864D232DE99900F16B37 /* Frameworks */ = {
			isa = PBXFrameworksBuildPhase;
			buildActionMask = 2147483647;
			files = (
			);
			runOnlyForDeploymentPostprocessing = 0;
		};
		A2B68658232DE99900F16B37 /* Frameworks */ = {
			isa = PBXFrameworksBuildPhase;
			buildActionMask = 2147483647;
			files = (
			);
			runOnlyForDeploymentPostprocessing = 0;
		};
/* End PBXFrameworksBuildPhase section */

/* Begin PBXGroup section */
		A2B6862F232DE99700F16B37 = {
			isa = PBXGroup;
			children = (
				A2B6863A232DE99700F16B37 /* JenkinsDemo */,
				A2B68653232DE99900F16B37 /* JenkinsDemoTests */,
				A2B6865E232DE99900F16B37 /* JenkinsDemoUITests */,
				A2B68639232DE99700F16B37 /* Products */,
			);
			sourceTree = "<group>";
		};
		A2B68639232DE99700F16B37 /* Products */ = {
			isa = PBXGroup;
			children = (
				A2B68638232DE99700F16B37 /* JenkinsDemo.app */,
				A2B68650232DE99900F16B37 /* JenkinsDemoTests.xctest */,
				A2B6865B232DE99900F16B37 /* JenkinsDemoUITests.xctest */,
			);
			name = Products;
			sourceTree = "<group>";
		};
		A2B6863A232DE99700F16B37 /* JenkinsDemo */ = {
			isa = PBXGroup;
			children = (
				A2B6863B232DE99700F16B37 /* AppDelegate.h */,
				A2B6863C232DE99700F16B37 /* AppDelegate.m */,
				A2B6863E232DE99700F16B37 /* ViewController.h */,
				A2B6863F232DE99700F16B37 /* ViewController.m */,
				A2B68641232DE99700F16B37 /* Main.storyboard */,
				A2B68644232DE99900F16B37 /* Assets.xcassets */,
				A2B68646232DE99900F16B37 /* LaunchScreen.storyboard */,
				A2B68649232DE99900F16B37 /* Info.plist */,
				A2B6864A232DE99900F16B37 /* main.m */,
			);
			path = JenkinsDemo;
			sourceTree = "<group>";
		};
		A2B68653232DE99900F16B37 /* JenkinsDemoTests */ = {
			isa = PBXGroup;
			children = (
				A2B68654232DE99900F16B37 /* JenkinsDemoTests.m */,
				A2B68656232DE99900F16B37 /* Info.plist */,
			);
			path = JenkinsDemoTests;
			sourceTree = "<group>";
		};
		A2B6865E232DE99900F16B37 /* JenkinsDemoUITests */ = {
			isa = PBXGroup;
			children = (
				A2B6865F232DE99900F16B37 /* JenkinsDemoUITests.m */,
				A2B68661232DE99900F16B37 /* Info.plist */,
			);
			path = JenkinsDemoUITests;
			sourceTree = "<group>";
		};
/* End PBXGroup section */

/* Begin PBXNativeTarget section */
		A2B68637232DE99700F16B37 /* JenkinsDemo */ = {
			isa = PBXNativeTarget;
			buildConfigurationList = A2B68664232DE99900F16B37 /* Build configuration list for PBXNativeTarget "JenkinsDemo" */;
			buildPhases = (
				A2B68634232DE99700F16B37 /* Sources */,
				A2B68635232DE99700F16B37 /* Frameworks */,
				A2B68636232DE99700F16B37 /* Resources */,
			);
			buildRules = (
			);
			dependencies = (
			);
			name = JenkinsDemo;
			productName = JenkinsDemo;
			productReference = A2B68638232DE99700F16B37 /* JenkinsDemo.app */;
			productType = "com.apple.product-type.application";
		};
		A2B6864F232DE99900F16B37 /* JenkinsDemoTests */ = {
			isa = PBXNativeTarget;
			buildConfigurationList = A2B68667232DE99900F16B37 /* Build configuration list for PBXNativeTarget "JenkinsDemoTests" */;
			buildPhases = (
				A2B6864C232DE99900F16B37 /* Sources */,
				A2B6864D232DE99900F16B37 /* Frameworks */,
				A2B6864E232DE99900F16B37 /* Resources */,
			);
			buildRules = (
			);
			dependencies = (
				A2B68652232DE99900F16B37 /* PBXTargetDependency */,
			);
			name = JenkinsDemoTests;
			productName = JenkinsDemoTests;
			productReference = A2B68650232DE99900F16B37 /* JenkinsDemoTests.xctest */;
			productType = "com.apple.product-type.bundle.unit-test";
		};
		A2B6865A232DE99900F16B37 /* JenkinsDemoUITests */ = {
			isa = PBXNativeTarget;
			buildConfigurationList = A2B6866A232DE99900F16B37 /* Build configuration list for PBXNativeTarget "JenkinsDemoUITests" */;
			buildPhases = (
				A2B68657232DE99900F16B37 /* Sources */,
				A2B68658232DE99900F16B37 /* Frameworks */,
				A2B68659232DE99900F16B37 /* Resources */,
			);
			buildRules = (
			);
			dependencies = (
				A2B6865D232DE99900F16B37 /* PBXTargetDependency */,
			);
			name = JenkinsDemoUITests;
			productName = JenkinsDemoUITests;
			productReference = A2B6865B232DE99900F16B37 /* JenkinsDemoUITests.xctest */;
			productType = "com.apple.product-type.bundle.ui-testing";
		};
/* End PBXNativeTarget section */

/* Begin PBXProject section */
		A2B68630232DE99700F16B37 /* Project object */ = {
			isa = PBXProject;
			attributes = {
				LastUpgradeCheck = 1030;
				ORGANIZATIONNAME = "黄坤鹏";
				TargetAttributes = {
					A2B68637232DE99700F16B37 = {
						CreatedOnToolsVersion = 10.3;
					};
					A2B6864F232DE99900F16B37 = {
						CreatedOnToolsVersion = 10.3;
						TestTargetID = A2B68637232DE99700F16B37;
					};
					A2B6865A232DE99900F16B37 = {
						CreatedOnToolsVersion = 10.3;
						TestTargetID = A2B68637232DE99700F16B37;
					};
				};
			};
			buildConfigurationList = A2B68633232DE99700F16B37 /* Build configuration list for PBXProject "JenkinsDemo" */;
			compatibilityVersion = "Xcode 9.3";
			developmentRegion = en;
			hasScannedForEncodings = 0;
			knownRegions = (
				en,
				Base,
			);
			mainGroup = A2B6862F232DE99700F16B37;
			productRefGroup = A2B68639232DE99700F16B37 /* Products */;
			projectDirPath = "";
			projectRoot = "";
			targets = (
				A2B68637232DE99700F16B37 /* JenkinsDemo */,
				A2B6864F232DE99900F16B37 /* JenkinsDemoTests */,
				A2B6865A232DE99900F16B37 /* JenkinsDemoUITests */,
			);
		};
/* End PBXProject section */

/* Begin PBXResourcesBuildPhase section */
		A2B68636232DE99700F16B37 /* Resources */ = {
			isa = PBXResourcesBuildPhase;
			buildActionMask = 2147483647;
			files = (
				A2B68648232DE99900F16B37 /* LaunchScreen.storyboard in Resources */,
				A2B68645232DE99900F16B37 /* Assets.xcassets in Resources */,
				A2B68643232DE99700F16B37 /* Main.storyboard in Resources */,
			);
			runOnlyForDeploymentPostprocessing = 0;
		};
		A2B6864E232DE99900F16B37 /* Resources */ = {
			isa = PBXResourcesBuildPhase;
			buildActionMask = 2147483647;
			files = (
			);
			runOnlyForDeploymentPostprocessing = 0;
		};
		A2B68659232DE99900F16B37 /* Resources */ = {
			isa = PBXResourcesBuildPhase;
			buildActionMask = 2147483647;
			files = (
			);
			runOnlyForDeploymentPostprocessing = 0;
		};
/* End PBXResourcesBuildPhase section */

/* Begin PBXSourcesBuildPhase section */
		A2B68634232DE99700F16B37 /* Sources */ = {
			isa = PBXSourcesBuildPhase;
			buildActionMask = 2147483647;
			files = (
				A2B68640232DE99700F16B37 /* ViewController.m in Sources */,
				A2B6864B232DE99900F16B37 /* main.m in Sources */,
				A2B6863D232DE99700F16B37 /* AppDelegate.m in Sources */,
			);
			runOnlyForDeploymentPostprocessing = 0;
		};
		A2B6864C232DE99900F16B37 /* Sources */ = {
			isa = PBXSourcesBuildPhase;
			buildActionMask = 2147483647;
			files = (
				A2B68655232DE99900F16B37 /* JenkinsDemoTests.m in Sources */,
			);
			runOnlyForDeploymentPostprocessing = 0;
		};
		A2B68657232DE99900F16B37 /* Sources */ = {
			isa = PBXSourcesBuildPhase;
			buildActionMask = 2147483647;
			files = (
				A2B68660232DE99900F16B37 /* JenkinsDemoUITests.m in Sources */,
			);
			runOnlyForDeploymentPostprocessing = 0;
		};
/* End PBXSourcesBuildPhase section */

/* Begin PBXTargetDependency section */
		A2B68652232DE99900F16B37 /* PBXTargetDependency */ = {
			isa = PBXTargetDependency;
			target = A2B68637232DE99700F16B37 /* JenkinsDemo */;
			targetProxy = A2B68651232DE99900F16B37 /* PBXContainerItemProxy */;
		};
		A2B6865D232DE99900F16B37 /* PBXTargetDependency */ = {
			isa = PBXTargetDependency;
			target = A2B68637232DE99700F16B37 /* JenkinsDemo */;
			targetProxy = A2B6865C232DE99900F16B37 /* PBXContainerItemProxy */;
		};
/* End PBXTargetDependency section */

/* Begin PBXVariantGroup section */
		A2B68641232DE99700F16B37 /* Main.storyboard */ = {
			isa = PBXVariantGroup;
			children = (
				A2B68642232DE99700F16B37 /* Base */,
			);
			name = Main.storyboard;
			sourceTree = "<group>";
		};
		A2B68646232DE99900F16B37 /* LaunchScreen.storyboard */ = {
			isa = PBXVariantGroup;
			children = (
				A2B68647232DE99900F16B37 /* Base */,
			);
			name = LaunchScreen.storyboard;
			sourceTree = "<group>";
		};
/* End PBXVariantGroup section */

/* Begin XCBuildConfiguration section */
		A2B68662232DE99900F16B37 /* Debug */ = {
			isa = XCBuildConfiguration;
			buildSettings = {
				ALWAYS_SEARCH_USER_PATHS = NO;
				CLANG_ANALYZER_NONNULL = YES;
				CLANG_ANALYZER_NUMBER_OBJECT_CONVERSION = YES_AGGRESSIVE;
				CLANG_CXX_LANGUAGE_STANDARD = "gnu++14";
				CLANG_CXX_LIBRARY = "libc++";
				CLANG_ENABLE_MODULES = YES;
				CLANG_ENABLE_OBJC_ARC = YES;
				CLANG_ENABLE_OBJC_WEAK = YES;
				CLANG_WARN_BLOCK_CAPTURE_AUTORELEASING = YES;
				CLANG_WARN_BOOL_CONVERSION = YES;
				CLANG_WARN_COMMA = YES;
				CLANG_WARN_CONSTANT_CONVERSION = YES;
				CLANG_WARN_DEPRECATED_OBJC_IMPLEMENTATIONS = YES;
				CLANG_WARN_DIRECT_OBJC_ISA_USAGE = YES_ERROR;
				CLANG_WARN_DOCUMENTATION_COMMENTS = YES;
				CLANG_WARN_EMPTY_BODY = YES;
				CLANG_WARN_ENUM_CONVERSION = YES;
				CLANG_WARN_INFINITE_RECURSION = YES;
				CLANG_WARN_INT_CONVERSION = YES;
				CLANG_WARN_NON_LITERAL_NULL_CONVERSION = YES;
				CLANG_WARN_OBJC_IMPLICIT_RETAIN_SELF = YES;
				CLANG_WARN_OBJC_LITERAL_CONVERSION = YES;
				CLANG_WARN_OBJC_ROOT_CLASS = YES_ERROR;
				CLANG_WARN_RANGE_LOOP_ANALYSIS = YES;
				CLANG_WARN_STRICT_PROTOTYPES = YES;
				CLANG_WARN_SUSPICIOUS_MOVE = YES;
				CLANG_WARN_UNGUARDED_AVAILABILITY = YES_AGGRESSIVE;
				CLANG_WARN_UNREACHABLE_CODE = YES;
				CLANG_WARN__DUPLICATE_METHOD_MATCH = YES;
				CODE_SIGN_IDENTITY = "iPhone Developer";
				COPY_PHASE_STRIP = NO;
				DEBUG_INFORMATION_FORMAT = dwarf;
				ENABLE_STRICT_OBJC_MSGSEND = YES;
				ENABLE_TESTABILITY = YES;
				GCC_C_LANGUAGE_STANDARD = gnu11;
				GCC_DYNAMIC_NO_PIC = NO;
				GCC_NO_COMMON_BLOCKS = YES;
				GCC_OPTIMIZATION_LEVEL = 0;
				GCC_PREPROCESSOR_DEFINITIONS = (
					"DEBUG=1",
					"$(inherited)",
				);
				GCC_WARN_64_TO_32_BIT_CONVERSION = YES;
				GCC_WARN_ABOUT_RETURN_TYPE = YES_ERROR;
				GCC_WARN_UNDECLARED_SELECTOR = YES;
				GCC_WARN_UNINITIALIZED_AUTOS = YES_AGGRESSIVE;
				GCC_WARN_UNUSED_FUNCTION = YES;
				GCC_WARN_UNUSED_VARIABLE = YES;
				IPHONEOS_DEPLOYMENT_TARGET = 12.4;
				MTL_ENABLE_DEBUG_INFO = INCLUDE_SOURCE;
				MTL_FAST_MATH = YES;
				ONLY_ACTIVE_ARCH = YES;
				SDKROOT = iphoneos;
			};
			name = Debug;
		};
		A2B68663232DE99900F16B37 /* Release */ = {
			isa = XCBuildConfiguration;
			buildSettings = {
				ALWAYS_SEARCH_USER_PATHS = NO;
				CLANG_ANALYZER_NONNULL = YES;
				CLANG_ANALYZER_NUMBER_OBJECT_CONVERSION = YES_AGGRESSIVE;
				CLANG_CXX_LANGUAGE_STANDARD = "gnu++14";
				CLANG_CXX_LIBRARY = "libc++";
				CLANG_ENABLE_MODULES = YES;
				CLANG_ENABLE_OBJC_ARC = YES;
				CLANG_ENABLE_OBJC_WEAK = YES;
				CLANG_WARN_BLOCK_CAPTURE_AUTORELEASING = YES;
				CLANG_WARN_BOOL_CONVERSION = YES;
				CLANG_WARN_COMMA = YES;
				CLANG_WARN_CONSTANT_CONVERSION = YES;
				CLANG_WARN_DEPRECATED_OBJC_IMPLEMENTATIONS = YES;
				CLANG_WARN_DIRECT_OBJC_ISA_USAGE = YES_ERROR;
				CLANG_WARN_DOCUMENTATION_COMMENTS = YES;
				CLANG_WARN_EMPTY_BODY = YES;
				CLANG_WARN_ENUM_CONVERSION = YES;
				CLANG_WARN_INFINITE_RECURSION = YES;
				CLANG_WARN_INT_CONVERSION = YES;
				CLANG_WARN_NON_LITERAL_NULL_CONVERSION = YES;
				CLANG_WARN_OBJC_IMPLICIT_RETAIN_SELF = YES;
				CLANG_WARN_OBJC_LITERAL_CONVERSION = YES;
				CLANG_WARN_OBJC_ROOT_CLASS = YES_ERROR;
				CLANG_WARN_RANGE_LOOP_ANALYSIS = YES;
				CLANG_WARN_STRICT_PROTOTYPES = YES;
				CLANG_WARN_SUSPICIOUS_MOVE = YES;
				CLANG_WARN_UNGUARDED_AVAILABILITY = YES_AGGRESSIVE;
				CLANG_WARN_UNREACHABLE_CODE = YES;
				CLANG_WARN__DUPLICATE_METHOD_MATCH = YES;
				CODE_SIGN_IDENTITY = "iPhone Developer";
				COPY_PHASE_STRIP = NO;
				DEBUG_INFORMATION_FORMAT = "dwarf-with-dsym";
				ENABLE_NS_ASSERTIONS = NO;
				ENABLE_STRICT_OBJC_MSGSEND = YES;
				GCC_C_LANGUAGE_STANDARD = gnu11;
				GCC_NO_COMMON_BLOCKS = YES;
				GCC_WARN_64_TO_32_BIT_CONVERSION = YES;
				GCC_WARN_ABOUT_RETURN_TYPE = YES_ERROR;
				GCC_WARN_UNDECLARED_SELECTOR = YES;
				GCC_WARN_UNINITIALIZED_AUTOS = YES_AGGRESSIVE;
				GCC_WARN_UNUSED_FUNCTION = YES;
				GCC_WARN_UNUSED_VARIABLE = YES;
				IPHONEOS_DEPLOYMENT_TARGET = 12.4;
				MTL_ENABLE_DEBUG_INFO = NO;
				MTL_FAST_MATH = YES;
				SDKROOT = iphoneos;
				VALIDATE_PRODUCT = YES;
			};
			name = Release;
		};
		A2B68665232DE99900F16B37 /* Debug */ = {
			isa = XCBuildConfiguration;
			buildSettings = {
				ASSETCATALOG_COMPILER_APPICON_NAME = AppIcon;
				CODE_SIGN_STYLE = Automatic;
				DEVELOPMENT_TEAM = NE4TXSN2DK;
				INFOPLIST_FILE = JenkinsDemo/Info.plist;
				LD_RUNPATH_SEARCH_PATHS = (
					"$(inherited)",
					"@executable_path/Frameworks",
				);
				PRODUCT_BUNDLE_IDENTIFIER = com.lk.JenkinsDemo.JenkinsDemo;
				PRODUCT_NAME = "$(TARGET_NAME)";
				TARGETED_DEVICE_FAMILY = "1,2";
			};
			name = Debug;
		};
		A2B68666232DE99900F16B37 /* Release */ = {
			isa = XCBuildConfiguration;
			buildSettings = {
				ASSETCATALOG_COMPILER_APPICON_NAME = AppIcon;
				CODE_SIGN_STYLE = Automatic;
				DEVELOPMENT_TEAM = NE4TXSN2DK;
				INFOPLIST_FILE = JenkinsDemo/Info.plist;
				LD_RUNPATH_SEARCH_PATHS = (
					"$(inherited)",
					"@executable_path/Frameworks",
				);
				PRODUCT_BUNDLE_IDENTIFIER = com.lk.JenkinsDemo.JenkinsDemo;
				PRODUCT_NAME = "$(TARGET_NAME)";
				TARGETED_DEVICE_FAMILY = "1,2";
			};
			name = Release;
		};
		A2B68668232DE99900F16B37 /* Debug */ = {
			isa = XCBuildConfiguration;
			buildSettings = {
				BUNDLE_LOADER = "$(TEST_HOST)";
				CODE_SIGN_STYLE = Automatic;
				DEVELOPMENT_TEAM = NE4TXSN2DK;
				INFOPLIST_FILE = JenkinsDemoTests/Info.plist;
				LD_RUNPATH_SEARCH_PATHS = (
					"$(inherited)",
					"@executable_path/Frameworks",
					"@loader_path/Frameworks",
				);
				PRODUCT_BUNDLE_IDENTIFIER = com.lk.JenkinsDemo.JenkinsDemoTests;
				PRODUCT_NAME = "$(TARGET_NAME)";
				TARGETED_DEVICE_FAMILY = "1,2";
				TEST_HOST = "$(BUILT_PRODUCTS_DIR)/JenkinsDemo.app/JenkinsDemo";
			};
			name = Debug;
		};
		A2B68669232DE99900F16B37 /* Release */ = {
			isa = XCBuildConfiguration;
			buildSettings = {
				BUNDLE_LOADER = "$(TEST_HOST)";
				CODE_SIGN_STYLE = Automatic;
				DEVELOPMENT_TEAM = NE4TXSN2DK;
				INFOPLIST_FILE = JenkinsDemoTests/Info.plist;
				LD_RUNPATH_SEARCH_PATHS = (
					"$(inherited)",
					"@executable_path/Frameworks",
					"@loader_path/Frameworks",
				);
				PRODUCT_BUNDLE_IDENTIFIER = com.lk.JenkinsDemo.JenkinsDemoTests;
				PRODUCT_NAME = "$(TARGET_NAME)";
				TARGETED_DEVICE_FAMILY = "1,2";
				TEST_HOST = "$(BUILT_PRODUCTS_DIR)/JenkinsDemo.app/JenkinsDemo";
			};
			name = Release;
		};
		A2B6866B232DE99900F16B37 /* Debug */ = {
			isa = XCBuildConfiguration;
			buildSettings = {
				CODE_SIGN_STYLE = Automatic;
				DEVELOPMENT_TEAM = NE4TXSN2DK;
				INFOPLIST_FILE = JenkinsDemoUITests/Info.plist;
				LD_RUNPATH_SEARCH_PATHS = (
					"$(inherited)",
					"@executable_path/Frameworks",
					"@loader_path/Frameworks",
				);
				PRODUCT_BUNDLE_IDENTIFIER = com.lk.JenkinsDemo.JenkinsDemoUITests;
				PRODUCT_NAME = "$(TARGET_NAME)";
				TARGETED_DEVICE_FAMILY = "1,2";
				TEST_TARGET_NAME = JenkinsDemo;
			};
			name = Debug;
		};
		A2B6866C232DE99900F16B37 /* Release */ = {
			isa = XCBuildConfiguration;
			buildSettings = {
				CODE_SIGN_STYLE = Automatic;
				DEVELOPMENT_TEAM = NE4TXSN2DK;
				INFOPLIST_FILE = JenkinsDemoUITests/Info.plist;
				LD_RUNPATH_SEARCH_PATHS = (
					"$(inherited)",
					"@executable_path/Frameworks",
					"@loader_path/Frameworks",
				);
				PRODUCT_BUNDLE_IDENTIFIER = com.lk.JenkinsDemo.JenkinsDemoUITests;
				PRODUCT_NAME = "$(TARGET_NAME)";
				TARGETED_DEVICE_FAMILY = "1,2";
				TEST_TARGET_NAME = JenkinsDemo;
			};
			name = Release;
		};
/* End XCBuildConfiguration section */

/* Begin XCConfigurationList section */
		A2B68633232DE99700F16B37 /* Build configuration list for PBXProject "JenkinsDemo" */ = {
			isa = XCConfigurationList;
			buildConfigurations = (
				A2B68662232DE99900F16B37 /* Debug */,
				A2B68663232DE99900F16B37 /* Release */,
			);
			defaultConfigurationIsVisible = 0;
			defaultConfigurationName = Release;
		};
		A2B68664232DE99900F16B37 /* Build configuration list for PBXNativeTarget "JenkinsDemo" */ = {
			isa = XCConfigurationList;
			buildConfigurations = (
				A2B68665232DE99900F16B37 /* Debug */,
				A2B68666232DE99900F16B37 /* Release */,
			);
			defaultConfigurationIsVisible = 0;
			defaultConfigurationName = Release;
		};
		A2B68667232DE99900F16B37 /* Build configuration list for PBXNativeTarget "JenkinsDemoTests" */ = {
			isa = XCConfigurationList;
			buildConfigurations = (
				A2B68668232DE99900F16B37 /* Debug */,
				A2B68669232DE99900F16B37 /* Release */,
			);
			defaultConfigurationIsVisible = 0;
			defaultConfigurationName = Release;
		};
		A2B6866A232DE99900F16B37 /* Build configuration list for PBXNativeTarget "JenkinsDemoUITests" */ = {
			isa = XCConfigurationList;
			buildConfigurations = (
				A2B6866B232DE99900F16B37 /* Debug */,
				A2B6866C232DE99900F16B37 /* Release */,
			);
			defaultConfigurationIsVisible = 0;
			defaultConfigurationName = Release;
		};
/* End XCConfigurationList section */
	};
	rootObject = A2B68630232DE99700F16B37 /* Project object */;
}
